{
  "name": "ares-ide",
  "version": "0.1.6",
  "dependencies": {
    "ares-generator": {
      "version": "0.1.6",
      "dependencies": {
        "async": {
          "version": "0.1.22",
          "from": "async@0.1.x"
        },
        "mkdirp": {
          "version": "0.3.5",
          "from": "mkdirp@0.3.x"
        },
        "npmlog": {
          "version": "0.0.2",
          "from": "npmlog@0.0.x",
          "dependencies": {
            "ansi": {
              "version": "0.1.2",
              "from": "ansi@~0.1.2"
            }
          }
        },
        "request": {
          "version": "2.12.0",
          "from": "request@2.12.x",
          "dependencies": {
            "form-data": {
              "version": "0.0.3",
              "from": "form-data",
              "dependencies": {
                "combined-stream": {
                  "version": "0.0.3",
                  "from": "combined-stream@0.0.3",
                  "dependencies": {
                    "delayed-stream": {
                      "version": "0.0.5",
                      "from": "delayed-stream@0.0.5"
                    }
                  }
                },
                "async": {
                  "version": "0.1.9",
                  "from": "async@0.1.9"
                }
              }
            },
            "mime": {
              "version": "1.2.7",
              "from": "mime"
            }
          }
        },
        "rimraf": {
          "version": "1.0.9",
          "from": "rimraf@1.0.x"
        },
        "shelljs": {
          "version": "0.1.4",
          "from": "shelljs@0.1.x"
        },
        "temp": {
          "version": "0.4.0",
          "from": "temp@0.4.x"
        },
        "unzip": {
          "version": "0.1.3",
          "dependencies": {
            "fstream": {
              "version": "0.1.22",
              "from": "fstream@~0.1.21",
              "dependencies": {
                "rimraf": {
                  "version": "2.1.4",
                  "from": "rimraf@2"
                },
                "mkdirp": {
                  "version": "0.3.5",
                  "from": "mkdirp@~0.3"
                },
                "graceful-fs": {
                  "version": "1.2.2",
                  "from": "graceful-fs@~1.2.0"
                },
                "inherits": {
                  "version": "1.0.0",
                  "from": "inherits@~1.0.0"
                }
              }
            },
            "pullstream": {
              "version": "0.1.0",
              "from": "pullstream@~0.1.0"
            },
            "binary": {
              "version": "0.3.0",
              "from": "binary@~0.3.0",
              "dependencies": {
                "chainsaw": {
                  "version": "0.1.0",
                  "from": "chainsaw@~0.1.0",
                  "dependencies": {
                    "traverse": {
                      "version": "0.3.9",
                      "from": "traverse@>=0.3.0 <0.4"
                    }
                  }
                }
              }
            },
            "readable-stream": {
              "version": "0.2.0",
              "from": "readable-stream@~0.2.0"
            },
            "setimmediate": {
              "version": "1.0.1",
              "from": "setimmediate@~1.0.1"
            },
            "buffers": {
              "version": "0.1.1",
              "from": "buffers@~0.1.1"
            },
            "over": {
              "version": "0.0.5",
              "from": "over@0.0.5"
            },
            "stream-buffers": {
              "version": "0.2.4",
              "from": "stream-buffers@~0.2.3"
            },
            "temp": {
              "version": "0.4.0",
              "from": "temp@~0.4.0"
            },
            "dirdiff": {
              "version": "0.0.1",
              "from": "dirdiff@~0.0.1",
              "dependencies": {
                "glob": {
                  "version": "3.1.21",
                  "from": "glob@~3.1.12",
                  "dependencies": {
                    "minimatch": {
                      "version": "0.2.12",
                      "from": "minimatch@~0.2.11",
                      "dependencies": {
                        "lru-cache": {
                          "version": "2.3.0",
                          "from": "lru-cache@2"
                        },
                        "sigmund": {
                          "version": "1.0.0",
                          "from": "sigmund@~1.0.0"
                        }
                      }
                    },
                    "graceful-fs": {
                      "version": "1.2.2",
                      "from": "graceful-fs@~1.2.0"
                    },
                    "inherits": {
                      "version": "1.0.0",
                      "from": "inherits@1"
                    }
                  }
                }
              }
            },
            "tap": {
              "version": "0.3.3",
              "from": "tap@~0.3.0",
              "dependencies": {
                "inherits": {
                  "version": "1.0.0"
                },
                "yamlish": {
                  "version": "0.0.5"
                },
                "slide": {
                  "version": "1.1.4",
                  "from": "slide@*"
                },
                "runforcover": {
                  "version": "0.0.2",
                  "from": "runforcover@~0.0.2",
                  "dependencies": {
                    "bunker": {
                      "version": "0.1.2",
                      "from": "bunker@0.1.X",
                      "dependencies": {
                        "burrito": {
                          "version": "0.2.12",
                          "from": "burrito@>=0.2.5 <0.3",
                          "dependencies": {
                            "traverse": {
                              "version": "0.5.2",
                              "from": "traverse@~0.5.1"
                            },
                            "uglify-js": {
                              "version": "1.1.1",
                              "from": "uglify-js@~1.1.1"
                            }
                          }
                        }
                      }
                    }
                  }
                },
                "nopt": {
                  "version": "2.1.1",
                  "from": "nopt@~2",
                  "dependencies": {
                    "abbrev": {
                      "version": "1.0.4",
                      "from": "abbrev@1"
                    }
                  }
                },
                "mkdirp": {
                  "version": "0.3.5",
                  "from": "mkdirp@~0.3"
                },
                "difflet": {
                  "version": "0.2.5",
                  "from": "difflet@~0.2.0",
                  "dependencies": {
                    "traverse": {
                      "version": "0.6.3",
                      "from": "traverse@0.6.x"
                    },
                    "charm": {
                      "version": "0.0.8",
                      "from": "charm@0.0.x"
                    },
                    "deep-is": {
                      "version": "0.1.2",
                      "from": "deep-is@0.1.x"
                    }
                  }
                },
                "deep-equal": {
                  "version": "0.0.0",
                  "from": "deep-equal@~0.0.0"
                },
                "buffer-equal": {
                  "version": "0.0.0",
                  "from": "buffer-equal@~0.0.0"
                }
              }
            }
          }
        },
        "should": {
          "version": "1.2.2",
          "from": "should@>=1.1.0"
        },
        "mocha": {
          "version": "1.11.0",
          "from": "mocha@>=1.4.2",
          "dependencies": {
            "commander": {
              "version": "0.6.1",
              "from": "commander@0.6.1"
            },
            "growl": {
              "version": "1.7.0",
              "from": "growl@1.7.x"
            },
            "jade": {
              "version": "0.26.3",
              "from": "jade@0.26.3",
              "dependencies": {
                "mkdirp": {
                  "version": "0.3.0",
                  "from": "mkdirp@0.3.0"
                }
              }
            },
            "diff": {
              "version": "1.0.2",
              "from": "diff@1.0.2"
            },
            "debug": {
              "version": "0.7.2",
              "from": "debug@*"
            },
            "ms": {
              "version": "0.3.0",
              "from": "ms@0.3.0"
            },
            "glob": {
              "version": "3.2.1",
              "from": "glob@3.2.1",
              "dependencies": {
                "minimatch": {
                  "version": "0.2.12",
                  "from": "minimatch@~0.2.11",
                  "dependencies": {
                    "lru-cache": {
                      "version": "2.3.0",
                      "from": "lru-cache@2"
                    },
                    "sigmund": {
                      "version": "1.0.0",
                      "from": "sigmund@~1.0.0"
                    }
                  }
                },
                "graceful-fs": {
                  "version": "1.2.2",
                  "from": "graceful-fs@~1.2.0"
                },
                "inherits": {
                  "version": "1.0.0",
                  "from": "inherits@1"
                }
              }
            }
          }
        }
      }
    },
    "async": {
      "version": "0.1.22",
      "from": "async@0.1.22",
      "resolved": "https://registry.npmjs.org/async/-/async-0.1.22.tgz"
    },
    "base64stream": {
      "version": "0.1.1",
      "from": "base64stream@",
      "resolved": "https://registry.npmjs.org/base64stream/-/base64stream-0.1.1.tgz"
    },
    "combined-stream": {
      "version": "0.0.4",
      "from": "combined-stream@0.0.4",
      "dependencies": {
        "delayed-stream": {
          "version": "0.0.5",
          "from": "delayed-stream@0.0.5"
        }
      }
    },
    "dropbox": {
      "version": "0.9.2",
      "from": "https://registry.npmjs.org/dropbox/-/dropbox-0.9.2.tgz",
      "resolved": "https://registry.npmjs.org/dropbox/-/dropbox-0.9.2.tgz",
      "dependencies": {
        "open": {
          "version": "0.0.3",
          "from": "open@0.0.3"
        },
        "xhr2": {
          "version": "0.0.6",
          "from": "xhr2@0.0.6",
          "resolved": "https://registry.npmjs.org/xhr2/-/xhr2-0.0.6.tgz"
        }
      }
    },
    "express": {
      "version": "3.1.2",
      "from": "https://registry.npmjs.org/express/-/express-3.1.2.tgz",
      "resolved": "https://registry.npmjs.org/express/-/express-3.1.2.tgz",
      "dependencies": {
        "connect": {
          "version": "2.7.5",
          "from": "https://registry.npmjs.org/connect/-/connect-2.7.5.tgz",
          "resolved": "https://registry.npmjs.org/connect/-/connect-2.7.5.tgz",
          "dependencies": {
            "qs": {
              "version": "0.5.1",
              "from": "qs@0.5.1"
            },
            "formidable": {
              "version": "1.0.11",
              "from": "formidable@1.0.11"
            },
            "buffer-crc32": {
              "version": "0.1.1",
              "from": "buffer-crc32@0.1.1"
            },
            "bytes": {
              "version": "0.2.0",
              "from": "bytes@0.2.0"
            },
            "pause": {
              "version": "0.0.1",
              "from": "pause@0.0.1"
            }
          }
        },
        "commander": {
          "version": "0.6.1",
          "from": "commander@0.6.1"
        },
        "range-parser": {
          "version": "0.0.4",
          "from": "range-parser@0.0.4"
        },
        "cookie": {
          "version": "0.0.5",
          "from": "cookie@0.0.5"
        },
        "buffer-crc32": {
          "version": "0.2.1",
          "from": "buffer-crc32@0.2.1",
          "resolved": "https://registry.npmjs.org/buffer-crc32/-/buffer-crc32-0.2.1.tgz"
        },
        "fresh": {
          "version": "0.1.0",
          "from": "fresh@0.1.0"
        },
        "methods": {
          "version": "0.0.1",
          "from": "methods@0.0.1"
        },
        "send": {
          "version": "0.1.0",
          "from": "send@0.1.0"
        },
        "cookie-signature": {
          "version": "1.0.0",
          "from": "cookie-signature@1.0.0"
        },
        "debug": {
          "version": "0.7.2",
          "from": "debug@0.7.2"
        }
      }
    },
    "form-data": {
      "version": "0.0.10",
      "from": "https://registry.npmjs.org/form-data/-/form-data-0.0.10.tgz",
      "resolved": "https://registry.npmjs.org/form-data/-/form-data-0.0.10.tgz",
      "dependencies": {
        "mime": {
          "version": "1.2.9",
          "from": "https://registry.npmjs.org/mime/-/mime-1.2.9.tgz",
          "resolved": "https://registry.npmjs.org/mime/-/mime-1.2.9.tgz"
        },
        "async": {
          "version": "0.2.9",
          "from": "async@~0.2.7",
          "resolved": "https://registry.npmjs.org/async/-/async-0.2.9.tgz"
        }
      }
    },
    "mime": {
      "version": "1.2.6",
      "from": "mime@1.2.6"
    },
    "mkdirp": {
      "version": "0.3.5",
      "from": "https://registry.npmjs.org/mkdirp/-/mkdirp-0.3.5.tgz",
      "resolved": "https://registry.npmjs.org/mkdirp/-/mkdirp-0.3.5.tgz"
    },
    "nopt": {
      "version": "2.1.1",
      "from": "nopt@2.1.1",
      "resolved": "https://registry.npmjs.org/nopt/-/nopt-2.1.1.tgz",
      "dependencies": {
        "abbrev": {
          "version": "1.0.4",
          "from": "abbrev@1.0.4"
        }
      }
    },
    "npmlog": {
      "version": "0.0.2",
      "from": "npmlog@0.0.2",
      "dependencies": {
        "ansi": {
          "version": "0.1.2",
          "from": "ansi@0.1.2"
        }
      }
    },
    "phonegap-build-api": {
      "version": "0.3.3",
      "from": "https://registry.npmjs.org/phonegap-build-api/-/phonegap-build-api-0.3.3.tgz",
      "resolved": "https://registry.npmjs.org/phonegap-build-api/-/phonegap-build-api-0.3.3.tgz",
      "dependencies": {
        "request": {
          "version": "2.11.4",
          "from": "request@2.11.4",
          "resolved": "https://registry.npmjs.org/request/-/request-2.11.4.tgz",
          "dependencies": {
            "form-data": {
              "version": "0.0.10",
              "from": "form-data@0.0.10",
              "dependencies": {
                "combined-stream": {
                  "version": "0.0.4",
                  "from": "combined-stream@~0.0.4",
                  "dependencies": {
                    "delayed-stream": {
                      "version": "0.0.5",
                      "from": "delayed-stream@0.0.5"
                    }
                  }
                },
                "async": {
                  "version": "0.2.9",
                  "from": "async@~0.2.7",
                  "resolved": "https://registry.npmjs.org/async/-/async-0.2.9.tgz"
                }
              }
            },
            "mime": {
              "version": "1.2.9",
              "from": "mime@1.2.9"
            }
          }
        }
      }
    },
    "request": {
      "version": "2.12.0",
      "from": "request@2.12.0",
      "dependencies": {
        "form-data": {
          "version": "0.0.10",
          "from": "form-data@0.0.10",
          "dependencies": {
            "combined-stream": {
              "version": "0.0.4",
              "from": "combined-stream@~0.0.4",
              "dependencies": {
                "delayed-stream": {
                  "version": "0.0.5",
                  "from": "delayed-stream@0.0.5"
                }
              }
            },
            "async": {
              "version": "0.2.9",
              "from": "async@~0.2.7",
              "resolved": "https://registry.npmjs.org/async/-/async-0.2.9.tgz"
            }
          }
        },
        "mime": {
          "version": "1.2.9",
          "from": "mime@1.2.9"
        }
      }
    },
    "rimraf": {
      "version": "1.0.9",
      "from": "https://registry.npmjs.org/rimraf/-/rimraf-1.0.9.tgz",
      "resolved": "https://registry.npmjs.org/rimraf/-/rimraf-1.0.9.tgz"
    },
    "semver": {
      "version": "1.1.5",
      "dependencies": {
        "tap": {
          "version": "0.4.3",
          "from": "tap@0.x >=0.0.4",
          "dependencies": {
            "inherits": {
              "version": "2.0.0"
            },
            "yamlish": {
              "version": "0.0.5"
            },
            "slide": {
              "version": "1.1.4",
              "from": "slide@*"
            },
            "runforcover": {
              "version": "0.0.2",
              "from": "runforcover@~0.0.2",
              "dependencies": {
                "bunker": {
                  "version": "0.1.2",
                  "from": "bunker@0.1.X",
                  "dependencies": {
                    "burrito": {
                      "version": "0.2.12",
                      "from": "burrito@>=0.2.5 <0.3",
                      "dependencies": {
                        "traverse": {
                          "version": "0.5.2",
                          "from": "traverse@~0.5.1"
                        },
                        "uglify-js": {
                          "version": "1.1.1",
                          "from": "uglify-js@~1.1.1"
                        }
                      }
                    }
                  }
                }
              }
            },
            "nopt": {
              "version": "2.1.1",
              "from": "nopt@~2",
              "dependencies": {
                "abbrev": {
                  "version": "1.0.4",
                  "from": "abbrev@1"
                }
              }
            },
            "mkdirp": {
              "version": "0.3.5",
              "from": "mkdirp@~0.3"
            },
            "difflet": {
              "version": "0.2.5",
              "from": "difflet@~0.2.0",
              "dependencies": {
                "traverse": {
                  "version": "0.6.3",
                  "from": "traverse@0.6.x"
                },
                "charm": {
                  "version": "0.0.8",
                  "from": "charm@0.0.x"
                },
                "deep-is": {
                  "version": "0.1.2",
                  "from": "deep-is@0.1.x"
                }
              }
            },
            "deep-equal": {
              "version": "0.0.0",
              "from": "deep-equal@~0.0.0"
            },
            "buffer-equal": {
              "version": "0.0.0",
              "from": "buffer-equal@~0.0.0"
            },
            "glob": {
              "version": "3.2.1",
              "from": "glob@~3.2.1",
              "dependencies": {
                "minimatch": {
                  "version": "0.2.12",
                  "from": "minimatch@~0.2.11",
                  "dependencies": {
                    "lru-cache": {
                      "version": "2.3.0",
                      "from": "lru-cache@2"
                    },
                    "sigmund": {
                      "version": "1.0.0",
                      "from": "sigmund@~1.0.0"
                    }
                  }
                },
                "graceful-fs": {
                  "version": "1.2.1",
                  "from": "graceful-fs@~1.2.0"
                },
                "inherits": {
                  "version": "1.0.0",
                  "from": "inherits@1"
                }
              }
            }
          }
        }
      }
    },
    "shelljs": {
      "version": "0.1.4",
      "from": "https://registry.npmjs.org/shelljs/-/shelljs-0.1.4.tgz",
      "resolved": "https://registry.npmjs.org/shelljs/-/shelljs-0.1.4.tgz"
    },
    "temp": {
      "version": "0.4.0",
      "from": "temp@0.4.0"
    },
    "tunnel": {
      "version": "0.0.2",
      "from": "tunnel@0.0.2"
    },
    "zipstream": {
      "version": "0.2.1",
      "from": "zipstream@0.2.1"
    }
  }
}
